
Microsoft Visual Studio Solution File, Format Version 12.00
# Visual Studio Version 16
VisualStudioVersion = 16.0.31410.357
MinimumVisualStudioVersion = 10.0.40219.1
Project("{FAE04EC0-301F-11D3-BF4B-00C04F79EFBC}") = "HRwithAE.Service", "HRwithAE.Service\HRwithAE.Service.csproj", "{FF3E8B8E-4073-41F1-AA3D-7EC724834CA1}"
EndProject
Project("{FAE04EC0-301F-11D3-BF4B-00C04F79EFBC}") = "HRwithAE.Staff", "HRwithAE.Staff\HRwithAE.Staff.csproj", "{57381C7D-B84C-46EB-8550-B980DA9EE009}"
EndProject
Global
	GlobalSection(SolutionConfigurationPlatforms) = preSolution
		Debug|Any CPU = Debug|Any CPU
		Release|Any CPU = Release|Any CPU
	EndGlobalSection
	GlobalSection(ProjectConfigurationPlatforms) = postSolution
		{FF3E8B8E-4073-41F1-AA3D-7EC724834CA1}.Debug|Any CPU.ActiveCfg = Debug|Any CPU
		{FF3E8B8E-4073-41F1-AA3D-7EC724834CA1}.Debug|Any CPU.Build.0 = Debug|Any CPU
		{FF3E8B8E-4073-41F1-AA3D-7EC724834CA1}.Release|Any CPU.ActiveCfg = Release|Any CPU
		{FF3E8B8E-4073-41F1-AA3D-7EC724834CA1}.Release|Any CPU.Build.0 = Release|Any CPU
		{57381C7D-B84C-46EB-8550-B980DA9EE009}.Debug|Any CPU.ActiveCfg = Debug|Any CPU
		{57381C7D-B84C-46EB-8550-B980DA9EE009}.Debug|Any CPU.Build.0 = Debug|Any CPU
		{57381C7D-B84C-46EB-8550-B980DA9EE009}.Release|Any CPU.ActiveCfg = Release|Any CPU
		{57381C7D-B84C-46EB-8550-B980DA9EE009}.Release|Any CPU.Build.0 = Release|Any CPU
	EndGlobalSection
	GlobalSection(SolutionProperties) = preSolution
		HideSolutionNode = FALSE
	EndGlobalSection
	GlobalSection(ExtensibilityGlobals) = postSolution
		SolutionGuid = {604D8A32-3FCA-4ADA-A7A0-DB9E8BF8E3E5}
	EndGlobalSection
EndGlobal
